
Microsoft Visual Studio Solution File, Format Version 12.00
# Visual Studio Version 17
VisualStudioVersion = 17.11.35327.3
MinimumVisualStudioVersion = 10.0.40219.1
Project("{2150E333-8FDC-42A3-9474-1A3956D46DE8}") = "src", "src", "{8C569519-795A-45FB-B767-FA920DAFC7F9}"
EndProject
Project("{2150E333-8FDC-42A3-9474-1A3956D46DE8}") = "tests", "tests", "{3E9C383C-BCB2-43BE-B26E-A2D7C862E016}"
EndProject
Project("{2150E333-8FDC-42A3-9474-1A3956D46DE8}") = "Services", "Services", "{FFCD9AFA-2D90-4AD3-B3C0-275B0C1CC6D5}"
EndProject
Project("{2150E333-8FDC-42A3-9474-1A3956D46DE8}") = "Catalog", "Catalog", "{9A9D094A-04E0-4FCC-A481-C2D17BAD6084}"
EndProject
Project("{2150E333-8FDC-42A3-9474-1A3956D46DE8}") = "Cart", "Cart", "{BAA51C2B-5573-47DD-8AAB-58B16FEF1AE6}"
EndProject
Project("{9A19103F-16F7-4668-BE54-9A1E7A4F7556}") = "Cart.API", "src\Services\Cart\Cart.API\Cart.API.csproj", "{7943D97F-EE24-4EE3-A36D-A0A500F56399}"
EndProject
Project("{9A19103F-16F7-4668-BE54-9A1E7A4F7556}") = "Cart.Application", "src\Services\Cart\Cart.Application\Cart.Application.csproj", "{992C1DAB-085E-4174-BFC6-883326397B5A}"
EndProject
Project("{9A19103F-16F7-4668-BE54-9A1E7A4F7556}") = "Cart.Domain", "src\Services\Cart\Cart.Domain\Cart.Domain.csproj", "{F04EEE6B-16D0-45FA-BDFD-DB5D64C8643A}"
EndProject
Project("{9A19103F-16F7-4668-BE54-9A1E7A4F7556}") = "Cart.Infrastructure", "src\Services\Cart\Cart.Infrastructure\Cart.Infrastructure.csproj", "{BAD9B8AB-688A-4DE6-96D3-1E595C57A84E}"
EndProject
Project("{9A19103F-16F7-4668-BE54-9A1E7A4F7556}") = "Catalog.Domain", "src\Services\Catalog\Catalog.Domain\Catalog.Domain.csproj", "{6010BE31-CF3B-47C5-95F1-635BE5457F28}"
EndProject
Project("{9A19103F-16F7-4668-BE54-9A1E7A4F7556}") = "Catalog.Infrastructure", "src\Services\Catalog\Catalog.Infrastructure\Catalog.Infrastructure.csproj", "{746FE689-FCF1-4991-BAE7-0F83A4B22F6C}"
EndProject
Project("{9A19103F-16F7-4668-BE54-9A1E7A4F7556}") = "Catalog.Application", "src\Services\Catalog\Catalog.Application\Catalog.Application.csproj", "{E4925232-D7F3-49A8-B529-47D9D177C39B}"
EndProject
Project("{9A19103F-16F7-4668-BE54-9A1E7A4F7556}") = "Catalog.API", "src\Services\Catalog\Catalog.API\Catalog.API.csproj", "{F7F4E626-2815-4E5A-BD66-582250B81A64}"
EndProject
Project("{E53339B2-1760-4266-BCC7-CA923CBCF16C}") = "docker-compose", "docker-compose.dcproj", "{4E36EA98-5F15-473D-A4AC-2443CF63E233}"
EndProject
Project("{2150E333-8FDC-42A3-9474-1A3956D46DE8}") = "Solution Items", "Solution Items", "{FC7E1DE6-BE46-4E27-A94B-36A995DE7F5C}"
	ProjectSection(SolutionItems) = preProject
		.env = .env
		Directory.Build.props = Directory.Build.props
		prometheus.yml = prometheus.yml
	EndProjectSection
EndProject
Project("{9A19103F-16F7-4668-BE54-9A1E7A4F7556}") = "Cart.Persistence", "src\Services\Cart\Cart.Persistence\Cart.Persistence.csproj", "{5913816B-F570-4B92-BC91-8679F5DED1A5}"
EndProject
Project("{9A19103F-16F7-4668-BE54-9A1E7A4F7556}") = "Catalog.Persistence", "src\Services\Catalog\Catalog.Persistence\Catalog.Persistence.csproj", "{5CEE3504-A49E-41EC-84AD-D8CBFC4ACAFC}"
EndProject
Project("{2150E333-8FDC-42A3-9474-1A3956D46DE8}") = "WebStatus", "WebStatus", "{1054DD9A-231C-4EFC-BF0B-C93581E15B23}"
EndProject
Project("{9A19103F-16F7-4668-BE54-9A1E7A4F7556}") = "HealthCheck.Web", "src\WebStatus\HealthCheck.Web\HealthCheck.Web.csproj", "{E2C16012-2395-4BEC-98A9-77DCC15C6D9E}"
EndProject
Project("{2150E333-8FDC-42A3-9474-1A3956D46DE8}") = "Services", "Services", "{BBD54323-007D-4BAA-922F-DB40747BDB3A}"
EndProject
Project("{2150E333-8FDC-42A3-9474-1A3956D46DE8}") = "Cart", "Cart", "{2AAE0841-CCEA-409D-8745-B01108FAA73C}"
EndProject
Project("{2150E333-8FDC-42A3-9474-1A3956D46DE8}") = "Catalog", "Catalog", "{59A2140C-D75F-4895-9A6E-4AB0C7AE0254}"
EndProject
Project("{9A19103F-16F7-4668-BE54-9A1E7A4F7556}") = "Cart.Application.UnitTests", "tests\Services\Cart\Cart.Application.UnitTests\Cart.Application.UnitTests.csproj", "{0D1F0708-27C8-47D3-9F48-C04BC70AAD3D}"
EndProject
Project("{9A19103F-16F7-4668-BE54-9A1E7A4F7556}") = "Cart.Persistence.IntegrationTests", "tests\Services\Cart\Cart.Persistence.IntegrationTests\Cart.Persistence.IntegrationTests.csproj", "{CA70D751-DB62-4EB5-AD40-5B249929A119}"
EndProject
Project("{9A19103F-16F7-4668-BE54-9A1E7A4F7556}") = "Catalog.Application.UnitTests", "tests\Services\Catalog\Catalog.Application.UnitTests\Catalog.Application.UnitTests.csproj", "{6CAF8A10-9560-4737-A411-ADCC56A4D05C}"
EndProject
Project("{9A19103F-16F7-4668-BE54-9A1E7A4F7556}") = "Catalog.Persistence.IntegrationTests", "tests\Services\Catalog\Catalog.Persistence.IntegrationTests\Catalog.Persistence.IntegrationTests.csproj", "{23679EDB-5916-4646-B29A-F208794A277A}"
EndProject
Global
	GlobalSection(SolutionConfigurationPlatforms) = preSolution
		Debug|Any CPU = Debug|Any CPU
		Release|Any CPU = Release|Any CPU
	EndGlobalSection
	GlobalSection(ProjectConfigurationPlatforms) = postSolution
		{7943D97F-EE24-4EE3-A36D-A0A500F56399}.Debug|Any CPU.ActiveCfg = Debug|Any CPU
		{7943D97F-EE24-4EE3-A36D-A0A500F56399}.Debug|Any CPU.Build.0 = Debug|Any CPU
		{7943D97F-EE24-4EE3-A36D-A0A500F56399}.Release|Any CPU.ActiveCfg = Release|Any CPU
		{7943D97F-EE24-4EE3-A36D-A0A500F56399}.Release|Any CPU.Build.0 = Release|Any CPU
		{992C1DAB-085E-4174-BFC6-883326397B5A}.Debug|Any CPU.ActiveCfg = Debug|Any CPU
		{992C1DAB-085E-4174-BFC6-883326397B5A}.Debug|Any CPU.Build.0 = Debug|Any CPU
		{992C1DAB-085E-4174-BFC6-883326397B5A}.Release|Any CPU.ActiveCfg = Release|Any CPU
		{992C1DAB-085E-4174-BFC6-883326397B5A}.Release|Any CPU.Build.0 = Release|Any CPU
		{F04EEE6B-16D0-45FA-BDFD-DB5D64C8643A}.Debug|Any CPU.ActiveCfg = Debug|Any CPU
		{F04EEE6B-16D0-45FA-BDFD-DB5D64C8643A}.Debug|Any CPU.Build.0 = Debug|Any CPU
		{F04EEE6B-16D0-45FA-BDFD-DB5D64C8643A}.Release|Any CPU.ActiveCfg = Release|Any CPU
		{F04EEE6B-16D0-45FA-BDFD-DB5D64C8643A}.Release|Any CPU.Build.0 = Release|Any CPU
		{BAD9B8AB-688A-4DE6-96D3-1E595C57A84E}.Debug|Any CPU.ActiveCfg = Debug|Any CPU
		{BAD9B8AB-688A-4DE6-96D3-1E595C57A84E}.Debug|Any CPU.Build.0 = Debug|Any CPU
		{BAD9B8AB-688A-4DE6-96D3-1E595C57A84E}.Release|Any CPU.ActiveCfg = Release|Any CPU
		{BAD9B8AB-688A-4DE6-96D3-1E595C57A84E}.Release|Any CPU.Build.0 = Release|Any CPU
		{6010BE31-CF3B-47C5-95F1-635BE5457F28}.Debug|Any CPU.ActiveCfg = Debug|Any CPU
		{6010BE31-CF3B-47C5-95F1-635BE5457F28}.Debug|Any CPU.Build.0 = Debug|Any CPU
		{6010BE31-CF3B-47C5-95F1-635BE5457F28}.Release|Any CPU.ActiveCfg = Release|Any CPU
		{6010BE31-CF3B-47C5-95F1-635BE5457F28}.Release|Any CPU.Build.0 = Release|Any CPU
		{746FE689-FCF1-4991-BAE7-0F83A4B22F6C}.Debug|Any CPU.ActiveCfg = Debug|Any CPU
		{746FE689-FCF1-4991-BAE7-0F83A4B22F6C}.Debug|Any CPU.Build.0 = Debug|Any CPU
		{746FE689-FCF1-4991-BAE7-0F83A4B22F6C}.Release|Any CPU.ActiveCfg = Release|Any CPU
		{746FE689-FCF1-4991-BAE7-0F83A4B22F6C}.Release|Any CPU.Build.0 = Release|Any CPU
		{E4925232-D7F3-49A8-B529-47D9D177C39B}.Debug|Any CPU.ActiveCfg = Debug|Any CPU
		{E4925232-D7F3-49A8-B529-47D9D177C39B}.Debug|Any CPU.Build.0 = Debug|Any CPU
		{E4925232-D7F3-49A8-B529-47D9D177C39B}.Release|Any CPU.ActiveCfg = Release|Any CPU
		{E4925232-D7F3-49A8-B529-47D9D177C39B}.Release|Any CPU.Build.0 = Release|Any CPU
		{F7F4E626-2815-4E5A-BD66-582250B81A64}.Debug|Any CPU.ActiveCfg = Debug|Any CPU
		{F7F4E626-2815-4E5A-BD66-582250B81A64}.Debug|Any CPU.Build.0 = Debug|Any CPU
		{F7F4E626-2815-4E5A-BD66-582250B81A64}.Release|Any CPU.ActiveCfg = Release|Any CPU
		{F7F4E626-2815-4E5A-BD66-582250B81A64}.Release|Any CPU.Build.0 = Release|Any CPU
		{4E36EA98-5F15-473D-A4AC-2443CF63E233}.Debug|Any CPU.ActiveCfg = Debug|Any CPU
		{4E36EA98-5F15-473D-A4AC-2443CF63E233}.Debug|Any CPU.Build.0 = Debug|Any CPU
		{4E36EA98-5F15-473D-A4AC-2443CF63E233}.Release|Any CPU.ActiveCfg = Release|Any CPU
		{4E36EA98-5F15-473D-A4AC-2443CF63E233}.Release|Any CPU.Build.0 = Release|Any CPU
		{5913816B-F570-4B92-BC91-8679F5DED1A5}.Debug|Any CPU.ActiveCfg = Debug|Any CPU
		{5913816B-F570-4B92-BC91-8679F5DED1A5}.Debug|Any CPU.Build.0 = Debug|Any CPU
		{5913816B-F570-4B92-BC91-8679F5DED1A5}.Release|Any CPU.ActiveCfg = Release|Any CPU
		{5913816B-F570-4B92-BC91-8679F5DED1A5}.Release|Any CPU.Build.0 = Release|Any CPU
		{5CEE3504-A49E-41EC-84AD-D8CBFC4ACAFC}.Debug|Any CPU.ActiveCfg = Debug|Any CPU
		{5CEE3504-A49E-41EC-84AD-D8CBFC4ACAFC}.Debug|Any CPU.Build.0 = Debug|Any CPU
		{5CEE3504-A49E-41EC-84AD-D8CBFC4ACAFC}.Release|Any CPU.ActiveCfg = Release|Any CPU
		{5CEE3504-A49E-41EC-84AD-D8CBFC4ACAFC}.Release|Any CPU.Build.0 = Release|Any CPU
		{E2C16012-2395-4BEC-98A9-77DCC15C6D9E}.Debug|Any CPU.ActiveCfg = Debug|Any CPU
		{E2C16012-2395-4BEC-98A9-77DCC15C6D9E}.Debug|Any CPU.Build.0 = Debug|Any CPU
		{E2C16012-2395-4BEC-98A9-77DCC15C6D9E}.Release|Any CPU.ActiveCfg = Release|Any CPU
		{E2C16012-2395-4BEC-98A9-77DCC15C6D9E}.Release|Any CPU.Build.0 = Release|Any CPU
		{0D1F0708-27C8-47D3-9F48-C04BC70AAD3D}.Debug|Any CPU.ActiveCfg = Debug|Any CPU
		{0D1F0708-27C8-47D3-9F48-C04BC70AAD3D}.Debug|Any CPU.Build.0 = Debug|Any CPU
		{0D1F0708-27C8-47D3-9F48-C04BC70AAD3D}.Release|Any CPU.ActiveCfg = Release|Any CPU
		{0D1F0708-27C8-47D3-9F48-C04BC70AAD3D}.Release|Any CPU.Build.0 = Release|Any CPU
		{CA70D751-DB62-4EB5-AD40-5B249929A119}.Debug|Any CPU.ActiveCfg = Debug|Any CPU
		{CA70D751-DB62-4EB5-AD40-5B249929A119}.Debug|Any CPU.Build.0 = Debug|Any CPU
		{CA70D751-DB62-4EB5-AD40-5B249929A119}.Release|Any CPU.ActiveCfg = Release|Any CPU
		{CA70D751-DB62-4EB5-AD40-5B249929A119}.Release|Any CPU.Build.0 = Release|Any CPU
		{6CAF8A10-9560-4737-A411-ADCC56A4D05C}.Debug|Any CPU.ActiveCfg = Debug|Any CPU
		{6CAF8A10-9560-4737-A411-ADCC56A4D05C}.Debug|Any CPU.Build.0 = Debug|Any CPU
		{6CAF8A10-9560-4737-A411-ADCC56A4D05C}.Release|Any CPU.ActiveCfg = Release|Any CPU
		{6CAF8A10-9560-4737-A411-ADCC56A4D05C}.Release|Any CPU.Build.0 = Release|Any CPU
		{23679EDB-5916-4646-B29A-F208794A277A}.Debug|Any CPU.ActiveCfg = Debug|Any CPU
		{23679EDB-5916-4646-B29A-F208794A277A}.Debug|Any CPU.Build.0 = Debug|Any CPU
		{23679EDB-5916-4646-B29A-F208794A277A}.Release|Any CPU.ActiveCfg = Release|Any CPU
		{23679EDB-5916-4646-B29A-F208794A277A}.Release|Any CPU.Build.0 = Release|Any CPU
	EndGlobalSection
	GlobalSection(SolutionProperties) = preSolution
		HideSolutionNode = FALSE
	EndGlobalSection
	GlobalSection(NestedProjects) = preSolution
		{FFCD9AFA-2D90-4AD3-B3C0-275B0C1CC6D5} = {8C569519-795A-45FB-B767-FA920DAFC7F9}
		{9A9D094A-04E0-4FCC-A481-C2D17BAD6084} = {FFCD9AFA-2D90-4AD3-B3C0-275B0C1CC6D5}
		{BAA51C2B-5573-47DD-8AAB-58B16FEF1AE6} = {FFCD9AFA-2D90-4AD3-B3C0-275B0C1CC6D5}
		{7943D97F-EE24-4EE3-A36D-A0A500F56399} = {BAA51C2B-5573-47DD-8AAB-58B16FEF1AE6}
		{992C1DAB-085E-4174-BFC6-883326397B5A} = {BAA51C2B-5573-47DD-8AAB-58B16FEF1AE6}
		{F04EEE6B-16D0-45FA-BDFD-DB5D64C8643A} = {BAA51C2B-5573-47DD-8AAB-58B16FEF1AE6}
		{BAD9B8AB-688A-4DE6-96D3-1E595C57A84E} = {BAA51C2B-5573-47DD-8AAB-58B16FEF1AE6}
		{6010BE31-CF3B-47C5-95F1-635BE5457F28} = {9A9D094A-04E0-4FCC-A481-C2D17BAD6084}
		{746FE689-FCF1-4991-BAE7-0F83A4B22F6C} = {9A9D094A-04E0-4FCC-A481-C2D17BAD6084}
		{E4925232-D7F3-49A8-B529-47D9D177C39B} = {9A9D094A-04E0-4FCC-A481-C2D17BAD6084}
		{F7F4E626-2815-4E5A-BD66-582250B81A64} = {9A9D094A-04E0-4FCC-A481-C2D17BAD6084}
		{5913816B-F570-4B92-BC91-8679F5DED1A5} = {BAA51C2B-5573-47DD-8AAB-58B16FEF1AE6}
		{5CEE3504-A49E-41EC-84AD-D8CBFC4ACAFC} = {9A9D094A-04E0-4FCC-A481-C2D17BAD6084}
		{1054DD9A-231C-4EFC-BF0B-C93581E15B23} = {8C569519-795A-45FB-B767-FA920DAFC7F9}
		{E2C16012-2395-4BEC-98A9-77DCC15C6D9E} = {1054DD9A-231C-4EFC-BF0B-C93581E15B23}
		{BBD54323-007D-4BAA-922F-DB40747BDB3A} = {3E9C383C-BCB2-43BE-B26E-A2D7C862E016}
		{2AAE0841-CCEA-409D-8745-B01108FAA73C} = {BBD54323-007D-4BAA-922F-DB40747BDB3A}
		{59A2140C-D75F-4895-9A6E-4AB0C7AE0254} = {BBD54323-007D-4BAA-922F-DB40747BDB3A}
		{0D1F0708-27C8-47D3-9F48-C04BC70AAD3D} = {2AAE0841-CCEA-409D-8745-B01108FAA73C}
		{CA70D751-DB62-4EB5-AD40-5B249929A119} = {2AAE0841-CCEA-409D-8745-B01108FAA73C}
		{6CAF8A10-9560-4737-A411-ADCC56A4D05C} = {59A2140C-D75F-4895-9A6E-4AB0C7AE0254}
		{23679EDB-5916-4646-B29A-F208794A277A} = {59A2140C-D75F-4895-9A6E-4AB0C7AE0254}
	EndGlobalSection
	GlobalSection(ExtensibilityGlobals) = postSolution
		SolutionGuid = {008D8F5E-04D3-4D13-8715-5B110D228E28}
	EndGlobalSection
EndGlobal
